<Solution>
  <Folder Name="/src/">
    <Project Path="src/Dapplo.Ini.Generator/Dapplo.Ini.Generator.csproj" />
    <Project Path="src/Dapplo.Ini/Dapplo.Ini.csproj" />
  </Folder>
  <Folder Name="/tests/">
    <Project Path="tests/Dapplo.Ini.Tests/Dapplo.Ini.Tests.csproj" />
    <Project Path="tests/Dapplo.Ini.Internationalization.Tests/Dapplo.Ini.Internationalization.Tests.csproj" />
  </Folder>
</Solution>
